
Microsoft Visual Studio Solution File, Format Version 12.00
# Visual Studio Version 17
VisualStudioVersion = 17.5.002.0
MinimumVisualStudioVersion = 10.0.40219.1
Project("{9A19103F-16F7-4668-BE54-9A1E7A4F7556}") = "TeamSpecs - Backup.RideAlong.SystemObservabilityEntryPoint", "TeamSpecs - Backup.RideAlong.SystemObservabilityEntryPoint.csproj", "{981E8257-B708-433C-BFD0-4281F90C4879}"
EndProject
Project("{9A19103F-16F7-4668-BE54-9A1E7A4F7556}") = "TeamSpecs.RideAlong.SystemObservabilityEntryPoint", "TeamSpecs.RideAlong.SystemObservabilityEntryPoint.csproj", "{E7C806D5-E335-4061-8491-14E79C084716}"
EndProject
Global
	GlobalSection(SolutionConfigurationPlatforms) = preSolution
		Debug|Any CPU = Debug|Any CPU
		Release|Any CPU = Release|Any CPU
	EndGlobalSection
	GlobalSection(ProjectConfigurationPlatforms) = postSolution
		{981E8257-B708-433C-BFD0-4281F90C4879}.Debug|Any CPU.ActiveCfg = Debug|Any CPU
		{981E8257-B708-433C-BFD0-4281F90C4879}.Debug|Any CPU.Build.0 = Debug|Any CPU
		{981E8257-B708-433C-BFD0-4281F90C4879}.Release|Any CPU.ActiveCfg = Release|Any CPU
		{981E8257-B708-433C-BFD0-4281F90C4879}.Release|Any CPU.Build.0 = Release|Any CPU
		{E7C806D5-E335-4061-8491-14E79C084716}.Debug|Any CPU.ActiveCfg = Debug|Any CPU
		{E7C806D5-E335-4061-8491-14E79C084716}.Debug|Any CPU.Build.0 = Debug|Any CPU
		{E7C806D5-E335-4061-8491-14E79C084716}.Release|Any CPU.ActiveCfg = Release|Any CPU
		{E7C806D5-E335-4061-8491-14E79C084716}.Release|Any CPU.Build.0 = Release|Any CPU
	EndGlobalSection
	GlobalSection(SolutionProperties) = preSolution
		HideSolutionNode = FALSE
	EndGlobalSection
	GlobalSection(ExtensibilityGlobals) = postSolution
		SolutionGuid = {A4FB9E1F-28C1-432B-A6E9-B1D700D39846}
	EndGlobalSection
EndGlobal
