
Microsoft Visual Studio Solution File, Format Version 12.00
# Visual Studio Version 17
VisualStudioVersion = 17.7.34031.279
MinimumVisualStudioVersion = 10.0.40219.1
Project("{9A19103F-16F7-4668-BE54-9A1E7A4F7556}") = "TeamSpecs.Ridealong.DataAccess", "TeamSpecs.Ridealong.DataAccess\TeamSpecs.Ridealong.DataAccess.csproj", "{1E15EF04-0784-4092-AC31-9EBB0AC4EFF7}"
EndProject
Project("{9A19103F-16F7-4668-BE54-9A1E7A4F7556}") = "TeamSpecs.Ridealong.ConsoleApp", "TeamSpecs.Ridealong.ConsoleApp\TeamSpecs.Ridealong.ConsoleApp.csproj", "{373FEA5D-4650-42B3-87CE-905B84AE26B1}"
EndProject
Project("{FAE04EC0-301F-11D3-BF4B-00C04F79EFBC}") = "TeamSpecs.Ridealong.Logging", "TeamSpecs.Ridealong.Logging\TeamSpecs.Ridealong.Logging.csproj", "{3B16614D-6E07-4B3B-94C4-11433F2A8C94}"
EndProject
Project("{FAE04EC0-301F-11D3-BF4B-00C04F79EFBC}") = "TeamSpecs.Ridealong.LoggingUnitTest", "TeamSpecs.Ridealong.LoggingUnitTest\TeamSpecs.Ridealong.LoggingUnitTest.csproj", "{4817D21C-9020-432F-94B7-72829474E16B}"
EndProject
Global
	GlobalSection(SolutionConfigurationPlatforms) = preSolution
		Debug|Any CPU = Debug|Any CPU
		Release|Any CPU = Release|Any CPU
	EndGlobalSection
	GlobalSection(ProjectConfigurationPlatforms) = postSolution
		{1E15EF04-0784-4092-AC31-9EBB0AC4EFF7}.Debug|Any CPU.ActiveCfg = Debug|Any CPU
		{1E15EF04-0784-4092-AC31-9EBB0AC4EFF7}.Debug|Any CPU.Build.0 = Debug|Any CPU
		{1E15EF04-0784-4092-AC31-9EBB0AC4EFF7}.Release|Any CPU.ActiveCfg = Release|Any CPU
		{1E15EF04-0784-4092-AC31-9EBB0AC4EFF7}.Release|Any CPU.Build.0 = Release|Any CPU
		{373FEA5D-4650-42B3-87CE-905B84AE26B1}.Debug|Any CPU.ActiveCfg = Debug|Any CPU
		{373FEA5D-4650-42B3-87CE-905B84AE26B1}.Debug|Any CPU.Build.0 = Debug|Any CPU
		{373FEA5D-4650-42B3-87CE-905B84AE26B1}.Release|Any CPU.ActiveCfg = Release|Any CPU
		{373FEA5D-4650-42B3-87CE-905B84AE26B1}.Release|Any CPU.Build.0 = Release|Any CPU
		{3B16614D-6E07-4B3B-94C4-11433F2A8C94}.Debug|Any CPU.ActiveCfg = Debug|Any CPU
		{3B16614D-6E07-4B3B-94C4-11433F2A8C94}.Debug|Any CPU.Build.0 = Debug|Any CPU
		{3B16614D-6E07-4B3B-94C4-11433F2A8C94}.Release|Any CPU.ActiveCfg = Release|Any CPU
		{3B16614D-6E07-4B3B-94C4-11433F2A8C94}.Release|Any CPU.Build.0 = Release|Any CPU
		{4817D21C-9020-432F-94B7-72829474E16B}.Debug|Any CPU.ActiveCfg = Debug|Any CPU
		{4817D21C-9020-432F-94B7-72829474E16B}.Debug|Any CPU.Build.0 = Debug|Any CPU
		{4817D21C-9020-432F-94B7-72829474E16B}.Release|Any CPU.ActiveCfg = Release|Any CPU
		{4817D21C-9020-432F-94B7-72829474E16B}.Release|Any CPU.Build.0 = Release|Any CPU
	EndGlobalSection
	GlobalSection(SolutionProperties) = preSolution
		HideSolutionNode = FALSE
	EndGlobalSection
	GlobalSection(ExtensibilityGlobals) = postSolution
		SolutionGuid = {4083841A-89FA-4642-ABD6-895106A2F59A}
	EndGlobalSection
EndGlobal
