
Microsoft Visual Studio Solution File, Format Version 12.00
# Visual Studio Version 17
VisualStudioVersion = 17.7.34031.279
MinimumVisualStudioVersion = 10.0.40219.1
Project("{9A19103F-16F7-4668-BE54-9A1E7A4F7556}") = "TeamSpecs.RideAlong.DataAccess", "TeamSpecs.RideAlong.DataAccess\TeamSpecs.RideAlong.DataAccess.csproj", "{4AB88406-3491-4915-AB0F-0952F69C07A1}"
EndProject
Project("{9A19103F-16F7-4668-BE54-9A1E7A4F7556}") = "TeamSpecs.RideAlong.LoggingLibrary", "TeamSpecs.RideAlong.LoggingLibrary\TeamSpecs.RideAlong.LoggingLibrary.csproj", "{266F16FE-A585-451E-8F7B-82A8D8B7E7CA}"
EndProject
Project("{9A19103F-16F7-4668-BE54-9A1E7A4F7556}") = "TeamSpecs.RideAlong.Model", "TeamSpecs.RideAlong.Model\TeamSpecs.RideAlong.Model.csproj", "{191F40A7-33DC-4A46-8B15-C7D28601E733}"
EndProject
Project("{9A19103F-16F7-4668-BE54-9A1E7A4F7556}") = "TeamSpecs.RideAlong.TestingLibrary", "TeamSpecs.RideAlong.Tests\TeamSpecs.RideAlong.TestingLibrary.csproj", "{070DA01A-0796-44D3-A9D4-6DF462D4DE48}"
	ProjectSection(ProjectDependencies) = postProject
		{0385A45D-6440-4F10-82CA-EB389804D04F} = {0385A45D-6440-4F10-82CA-EB389804D04F}
		{CB286656-126F-4F55-B64E-291AD8194279} = {CB286656-126F-4F55-B64E-291AD8194279}
	EndProjectSection
EndProject
Project("{9A19103F-16F7-4668-BE54-9A1E7A4F7556}") = "TeamSpecs.RideAlong.Services", "TeamSpecs.RideAlong.Services\TeamSpecs.RideAlong.Services.csproj", "{CB286656-126F-4F55-B64E-291AD8194279}"
EndProject
Project("{9A19103F-16F7-4668-BE54-9A1E7A4F7556}") = "TeamSpecs.RideAlong.UserAdministration", "TeamSpecs.RideAlong.UserAdministration\TeamSpecs.RideAlong.UserAdministration.csproj", "{5B2EEA07-0655-4C8F-AA18-DB2E5FDFE9C2}"
EndProject
Project("{9A19103F-16F7-4668-BE54-9A1E7A4F7556}") = "TeamSpecs.RideAlong.SecurityLibrary", "TeamSpecs.RideAlong.SecurityLibrary\TeamSpecs.RideAlong.SecurityLibrary.csproj", "{8A3A49EF-AB9F-4C35-A823-01B536DEBCAB}"
	ProjectSection(ProjectDependencies) = postProject
		{191F40A7-33DC-4A46-8B15-C7D28601E733} = {191F40A7-33DC-4A46-8B15-C7D28601E733}
		{4AB88406-3491-4915-AB0F-0952F69C07A1} = {4AB88406-3491-4915-AB0F-0952F69C07A1}
		{CB286656-126F-4F55-B64E-291AD8194279} = {CB286656-126F-4F55-B64E-291AD8194279}
	EndProjectSection
EndProject
Project("{9A19103F-16F7-4668-BE54-9A1E7A4F7556}") = "TeamSpecs.RideAlong.VehicleProfile", "TeamSpecs.RideAlong.VehicleProfile\TeamSpecs.RideAlong.VehicleProfile.csproj", "{20C84C49-760E-45B8-8600-61F1F4790856}"
EndProject
Project("{9A19103F-16F7-4668-BE54-9A1E7A4F7556}") = "TeamSpecs.RideAlong.VehicleMarketplace", "TeamSpecs.RideAlong.VehicleMarketplace\TeamSpecs.RideAlong.VehicleMarketplace.csproj", "{1FD52138-F096-4F7C-BC20-6C932D387341}"
	ProjectSection(ProjectDependencies) = postProject
		{94C5A058-723E-412F-9C38-5299E181A4FB} = {94C5A058-723E-412F-9C38-5299E181A4FB}
	EndProjectSection
EndProject
Project("{9A19103F-16F7-4668-BE54-9A1E7A4F7556}") = "TeamSpecs.RideAlong.SecurityEndPoint", "SecurityEndPoint\TeamSpecs.RideAlong.SecurityEndPoint.csproj", "{3E7E4D09-4C81-4DA2-9F99-EBF89A37631F}"
	ProjectSection(ProjectDependencies) = postProject
		{20497FB3-CA26-4B5E-9AEB-2951A6BA61C0} = {20497FB3-CA26-4B5E-9AEB-2951A6BA61C0}
		{266F16FE-A585-451E-8F7B-82A8D8B7E7CA} = {266F16FE-A585-451E-8F7B-82A8D8B7E7CA}
		{4AB88406-3491-4915-AB0F-0952F69C07A1} = {4AB88406-3491-4915-AB0F-0952F69C07A1}
		{8A3A49EF-AB9F-4C35-A823-01B536DEBCAB} = {8A3A49EF-AB9F-4C35-A823-01B536DEBCAB}
	EndProjectSection
EndProject
Project("{9A19103F-16F7-4668-BE54-9A1E7A4F7556}") = "TeamSpecs.RideAlong.Middleware", "Middlleware\TeamSpecs.RideAlong.Middleware.csproj", "{20497FB3-CA26-4B5E-9AEB-2951A6BA61C0}"
EndProject
Project("{9A19103F-16F7-4668-BE54-9A1E7A4F7556}") = "TeamSpecs.RideAlong.RentalFleetEndpoint", "RentalFleetEndpoint\TeamSpecs.RideAlong.RentalFleetEndpoint.csproj", "{6BDE397C-A305-4526-81B2-BCF2A817FEDC}"
	ProjectSection(ProjectDependencies) = postProject
		{8A3A49EF-AB9F-4C35-A823-01B536DEBCAB} = {8A3A49EF-AB9F-4C35-A823-01B536DEBCAB}
	EndProjectSection
EndProject
Project("{9A19103F-16F7-4668-BE54-9A1E7A4F7556}") = "TeamSpecs.RideAlong.RentalFleetLibrary", "RentalFleetLibrary\TeamSpecs.RideAlong.RentalFleetLibrary.csproj", "{16A222E4-A5E7-43A9-B436-5FEEF4D0BFA2}"
	ProjectSection(ProjectDependencies) = postProject
		{191F40A7-33DC-4A46-8B15-C7D28601E733} = {191F40A7-33DC-4A46-8B15-C7D28601E733}
		{4AB88406-3491-4915-AB0F-0952F69C07A1} = {4AB88406-3491-4915-AB0F-0952F69C07A1}
		{CB286656-126F-4F55-B64E-291AD8194279} = {CB286656-126F-4F55-B64E-291AD8194279}
	EndProjectSection
EndProject
Project("{9A19103F-16F7-4668-BE54-9A1E7A4F7556}") = "TeamSpecs.RideAlong.CarNewsCenter", "TeamSpecs.RideAlong.CarNewsCenter\TeamSpecs.RideAlong.CarNewsCenter.csproj", "{0385A45D-6440-4F10-82CA-EB389804D04F}"
EndProject
Project("{9A19103F-16F7-4668-BE54-9A1E7A4F7556}") = "TeamSpecs.RideAlong.VehicleProfileEndPoint", "TeamSpecs.RideAlong.VehicleProfileWebService\TeamSpecs.RideAlong.VehicleProfileEndPoint.csproj", "{B4DAB9E3-F44C-456E-ADAA-425EB5721648}"
	ProjectSection(ProjectDependencies) = postProject
		{191F40A7-33DC-4A46-8B15-C7D28601E733} = {191F40A7-33DC-4A46-8B15-C7D28601E733}
		{4AB88406-3491-4915-AB0F-0952F69C07A1} = {4AB88406-3491-4915-AB0F-0952F69C07A1}
	EndProjectSection
EndProject
Project("{2150E333-8FDC-42A3-9474-1A3956D46DE8}") = "Solution Items", "Solution Items", "{5BC5D755-BED8-4932-8B85-256320D97C0E}"
	ProjectSection(SolutionItems) = preProject
		.editorconfig = .editorconfig
		RideAlong.config.json = RideAlong.config.json
	EndProjectSection
EndProject
Project("{9A19103F-16F7-4668-BE54-9A1E7A4F7556}") = "TeamSpecs.RideAlong.InventoryManagement", "InventoryManagement\TeamSpecs.RideAlong.InventoryManagement.csproj", "{CFEF364E-E28F-4638-B7B8-0860FFE193F5}"
EndProject
Project("{9A19103F-16F7-4668-BE54-9A1E7A4F7556}") = "TeamSpecs.RideAlong.ConsoleApp", "ConsoleApp\TeamSpecs.RideAlong.ConsoleApp.csproj", "{FFE74905-900B-4CB5-AF0C-2C7F33C07CC6}"
EndProject
Project("{9A19103F-16F7-4668-BE54-9A1E7A4F7556}") = "TeamSpecs.RideAlong.CarNewsCenterEntryPoint", "CarNewsCenterEntryPoint\TeamSpecs.RideAlong.CarNewsCenterEntryPoint.csproj", "{F2B9F5A9-8DE1-4BAD-854A-251CB1605449}"
	ProjectSection(ProjectDependencies) = postProject
		{20497FB3-CA26-4B5E-9AEB-2951A6BA61C0} = {20497FB3-CA26-4B5E-9AEB-2951A6BA61C0}
	EndProjectSection
EndProject
Project("{9A19103F-16F7-4668-BE54-9A1E7A4F7556}") = "TeamSpecs.RideAlong.VehicleMarketplaceEntryPoint", "VehiclesMarketplaceEntryPoint\TeamSpecs.RideAlong.VehicleMarketplaceEntryPoint.csproj", "{34B65107-F7A7-4BB4-9C51-9A035C9BF0D5}"
	ProjectSection(ProjectDependencies) = postProject
		{191F40A7-33DC-4A46-8B15-C7D28601E733} = {191F40A7-33DC-4A46-8B15-C7D28601E733}
		{1FD52138-F096-4F7C-BC20-6C932D387341} = {1FD52138-F096-4F7C-BC20-6C932D387341}
		{20497FB3-CA26-4B5E-9AEB-2951A6BA61C0} = {20497FB3-CA26-4B5E-9AEB-2951A6BA61C0}
		{266F16FE-A585-451E-8F7B-82A8D8B7E7CA} = {266F16FE-A585-451E-8F7B-82A8D8B7E7CA}
		{8A3A49EF-AB9F-4C35-A823-01B536DEBCAB} = {8A3A49EF-AB9F-4C35-A823-01B536DEBCAB}
		{94C5A058-723E-412F-9C38-5299E181A4FB} = {94C5A058-723E-412F-9C38-5299E181A4FB}
	EndProjectSection
EndProject
Project("{9A19103F-16F7-4668-BE54-9A1E7A4F7556}") = "TeamSpecs.RideAlong.CarHealthRatingLibrary", "TeamSpecs.RideAlong.CarHealthRatingLibrary\TeamSpecs.RideAlong.CarHealthRatingLibrary.csproj", "{C4BA1AEE-38F3-4B0D-A983-2F32C0CBA28D}"
	ProjectSection(ProjectDependencies) = postProject
		{191F40A7-33DC-4A46-8B15-C7D28601E733} = {191F40A7-33DC-4A46-8B15-C7D28601E733}
		{266F16FE-A585-451E-8F7B-82A8D8B7E7CA} = {266F16FE-A585-451E-8F7B-82A8D8B7E7CA}
		{4AB88406-3491-4915-AB0F-0952F69C07A1} = {4AB88406-3491-4915-AB0F-0952F69C07A1}
		{5B2EEA07-0655-4C8F-AA18-DB2E5FDFE9C2} = {5B2EEA07-0655-4C8F-AA18-DB2E5FDFE9C2}
		{CB286656-126F-4F55-B64E-291AD8194279} = {CB286656-126F-4F55-B64E-291AD8194279}
	EndProjectSection
EndProject
Project("{9A19103F-16F7-4668-BE54-9A1E7A4F7556}") = "TeamSpecs.RideAlong.CarHealthRatingEntryPoint", "TeamSpecs.RideAlong.CarHealthRatingEntryPoint\TeamSpecs.RideAlong.CarHealthRatingEntryPoint.csproj", "{7E26749D-09C6-4109-AD64-56129D7A4CD0}"
	ProjectSection(ProjectDependencies) = postProject
		{191F40A7-33DC-4A46-8B15-C7D28601E733} = {191F40A7-33DC-4A46-8B15-C7D28601E733}
		{20497FB3-CA26-4B5E-9AEB-2951A6BA61C0} = {20497FB3-CA26-4B5E-9AEB-2951A6BA61C0}
		{266F16FE-A585-451E-8F7B-82A8D8B7E7CA} = {266F16FE-A585-451E-8F7B-82A8D8B7E7CA}
		{3E7E4D09-4C81-4DA2-9F99-EBF89A37631F} = {3E7E4D09-4C81-4DA2-9F99-EBF89A37631F}
		{4AB88406-3491-4915-AB0F-0952F69C07A1} = {4AB88406-3491-4915-AB0F-0952F69C07A1}
		{8A3A49EF-AB9F-4C35-A823-01B536DEBCAB} = {8A3A49EF-AB9F-4C35-A823-01B536DEBCAB}
		{C4BA1AEE-38F3-4B0D-A983-2F32C0CBA28D} = {C4BA1AEE-38F3-4B0D-A983-2F32C0CBA28D}
		{CB286656-126F-4F55-B64E-291AD8194279} = {CB286656-126F-4F55-B64E-291AD8194279}
	EndProjectSection
EndProject
Project("{9A19103F-16F7-4668-BE54-9A1E7A4F7556}") = "TeamSpecs.RideAlong.DonateYourCarLibrary", "TeamSpecs.RideAlong.DonateYourCarLibrary\TeamSpecs.RideAlong.DonateYourCarLibrary.csproj", "{1227EA0F-F6D9-4812-9050-BF6DC563188C}"
EndProject
Project("{9A19103F-16F7-4668-BE54-9A1E7A4F7556}") = "TeamSpecs.RideAlong.DonateYourCarEntryPoint", "RideAlong.DonateYourCarEntryPoint\TeamSpecs.RideAlong.DonateYourCarEntryPoint.csproj", "{8C150363-9864-4010-BC51-0645AA00047D}"
EndProject
Project("{2150E333-8FDC-42A3-9474-1A3956D46DE8}") = "EntryPoints", "EntryPoints", "{7A22D9A7-165F-4580-808F-3F1536D90851}"
EndProject
Project("{9A19103F-16F7-4668-BE54-9A1E7A4F7556}") = "TeamSpecs.RideAlong.ConfigService", "ConfigService\TeamSpecs.RideAlong.ConfigService.csproj", "{94C5A058-723E-412F-9C38-5299E181A4FB}"
EndProject
Project("{9A19103F-16F7-4668-BE54-9A1E7A4F7556}") = "TeamSpecs.RideAlong.ServiceLog", "TeamSpecs.RideAlong.ServiceLog\TeamSpecs.RideAlong.ServiceLog.csproj", "{A810CAD1-59D9-476B-84DB-75DBED542972}"
EndProject
Project("{9A19103F-16F7-4668-BE54-9A1E7A4F7556}") = "TeamSpecs.RideAlong.RegistrationEntryPoint", "TeamSpecs.RideAlong.RegistrationEntryPoint\TeamSpecs.RideAlong.RegistrationEntryPoint.csproj", "{FF5B731A-CB8A-4739-8B81-A0C3C468C938}"
EndProject
Project("{9A19103F-16F7-4668-BE54-9A1E7A4F7556}") = "TeamSpecs.RideAlong.AccountDeletionEntryPoint", "TeamSpecs.RideAlong.AccountDeletionEntryPoint\TeamSpecs.RideAlong.AccountDeletionEntryPoint.csproj", "{82DE18F2-CC4E-41E4-B019-63703DD54F9B}"
EndProject
Project("{9A19103F-16F7-4668-BE54-9A1E7A4F7556}") = "TeamSpecs.RideAlong.AccountRecoveryEntryPoint", "TeamSpecs.RideAlong.AccountRecoveryEntryPoint\TeamSpecs.RideAlong.AccountRecoveryEntryPoint.csproj", "{F961192D-F036-4BF7-8C67-761E1FC7548C}"
EndProject
Project("{FAE04EC0-301F-11D3-BF4B-00C04F79EFBC}") = "TeamSpecs.RideAlong.Archiving", "Archiving\TeamSpecs.RideAlong.Archiving.csproj", "{47926500-9154-48F5-A7D3-E20CB9496979}"
Project("{9A19103F-16F7-4668-BE54-9A1E7A4F7556}") = "TeamSpecs.RideAlong.SystemObservability", "SystemObservability\TeamSpecs.RideAlong.SystemObservability.csproj", "{55B9C0B1-DC82-49C9-BC07-84BA0708B090}"
	ProjectSection(ProjectDependencies) = postProject
		{191F40A7-33DC-4A46-8B15-C7D28601E733} = {191F40A7-33DC-4A46-8B15-C7D28601E733}
		{4AB88406-3491-4915-AB0F-0952F69C07A1} = {4AB88406-3491-4915-AB0F-0952F69C07A1}
		{94C5A058-723E-412F-9C38-5299E181A4FB} = {94C5A058-723E-412F-9C38-5299E181A4FB}
	EndProjectSection
EndProject
Project("{9A19103F-16F7-4668-BE54-9A1E7A4F7556}") = "TeamSpecs.RideAlong.SystemObservabilityEntryPoint", "SystemObservabilityEntryPoint\TeamSpecs.RideAlong.SystemObservabilityEntryPoint.csproj", "{22E49056-BD6E-4A8D-8734-82BA7693B394}"
EndProject
Project("{FAE04EC0-301F-11D3-BF4B-00C04F79EFBC}") = "TeamSpecs.RideAlong.ServiceLogEntryPoint", "TeamSpecs.RideAlong.ServiceLogEntryPoint\TeamSpecs.RideAlong.ServiceLogEntryPoint.csproj", "{4638F160-6B41-4D17-877C-A3855B08B1C9}"
EndProject
Global
	GlobalSection(SolutionConfigurationPlatforms) = preSolution
		Debug|Any CPU = Debug|Any CPU
		Release|Any CPU = Release|Any CPU
	EndGlobalSection
	GlobalSection(ProjectConfigurationPlatforms) = postSolution
		{4AB88406-3491-4915-AB0F-0952F69C07A1}.Debug|Any CPU.ActiveCfg = Debug|Any CPU
		{4AB88406-3491-4915-AB0F-0952F69C07A1}.Debug|Any CPU.Build.0 = Debug|Any CPU
		{4AB88406-3491-4915-AB0F-0952F69C07A1}.Release|Any CPU.ActiveCfg = Release|Any CPU
		{4AB88406-3491-4915-AB0F-0952F69C07A1}.Release|Any CPU.Build.0 = Release|Any CPU
		{266F16FE-A585-451E-8F7B-82A8D8B7E7CA}.Debug|Any CPU.ActiveCfg = Debug|Any CPU
		{266F16FE-A585-451E-8F7B-82A8D8B7E7CA}.Debug|Any CPU.Build.0 = Debug|Any CPU
		{266F16FE-A585-451E-8F7B-82A8D8B7E7CA}.Release|Any CPU.ActiveCfg = Release|Any CPU
		{266F16FE-A585-451E-8F7B-82A8D8B7E7CA}.Release|Any CPU.Build.0 = Release|Any CPU
		{191F40A7-33DC-4A46-8B15-C7D28601E733}.Debug|Any CPU.ActiveCfg = Debug|Any CPU
		{191F40A7-33DC-4A46-8B15-C7D28601E733}.Debug|Any CPU.Build.0 = Debug|Any CPU
		{191F40A7-33DC-4A46-8B15-C7D28601E733}.Release|Any CPU.ActiveCfg = Release|Any CPU
		{191F40A7-33DC-4A46-8B15-C7D28601E733}.Release|Any CPU.Build.0 = Release|Any CPU
		{070DA01A-0796-44D3-A9D4-6DF462D4DE48}.Debug|Any CPU.ActiveCfg = Debug|Any CPU
		{070DA01A-0796-44D3-A9D4-6DF462D4DE48}.Debug|Any CPU.Build.0 = Debug|Any CPU
		{070DA01A-0796-44D3-A9D4-6DF462D4DE48}.Release|Any CPU.ActiveCfg = Release|Any CPU
		{070DA01A-0796-44D3-A9D4-6DF462D4DE48}.Release|Any CPU.Build.0 = Release|Any CPU
		{CB286656-126F-4F55-B64E-291AD8194279}.Debug|Any CPU.ActiveCfg = Debug|Any CPU
		{CB286656-126F-4F55-B64E-291AD8194279}.Debug|Any CPU.Build.0 = Debug|Any CPU
		{CB286656-126F-4F55-B64E-291AD8194279}.Release|Any CPU.ActiveCfg = Release|Any CPU
		{CB286656-126F-4F55-B64E-291AD8194279}.Release|Any CPU.Build.0 = Release|Any CPU
		{5B2EEA07-0655-4C8F-AA18-DB2E5FDFE9C2}.Debug|Any CPU.ActiveCfg = Debug|Any CPU
		{5B2EEA07-0655-4C8F-AA18-DB2E5FDFE9C2}.Debug|Any CPU.Build.0 = Debug|Any CPU
		{5B2EEA07-0655-4C8F-AA18-DB2E5FDFE9C2}.Release|Any CPU.ActiveCfg = Release|Any CPU
		{5B2EEA07-0655-4C8F-AA18-DB2E5FDFE9C2}.Release|Any CPU.Build.0 = Release|Any CPU
		{8A3A49EF-AB9F-4C35-A823-01B536DEBCAB}.Debug|Any CPU.ActiveCfg = Debug|Any CPU
		{8A3A49EF-AB9F-4C35-A823-01B536DEBCAB}.Debug|Any CPU.Build.0 = Debug|Any CPU
		{8A3A49EF-AB9F-4C35-A823-01B536DEBCAB}.Release|Any CPU.ActiveCfg = Release|Any CPU
		{8A3A49EF-AB9F-4C35-A823-01B536DEBCAB}.Release|Any CPU.Build.0 = Release|Any CPU
		{20C84C49-760E-45B8-8600-61F1F4790856}.Debug|Any CPU.ActiveCfg = Debug|Any CPU
		{20C84C49-760E-45B8-8600-61F1F4790856}.Debug|Any CPU.Build.0 = Debug|Any CPU
		{20C84C49-760E-45B8-8600-61F1F4790856}.Release|Any CPU.ActiveCfg = Release|Any CPU
		{20C84C49-760E-45B8-8600-61F1F4790856}.Release|Any CPU.Build.0 = Release|Any CPU
		{1FD52138-F096-4F7C-BC20-6C932D387341}.Debug|Any CPU.ActiveCfg = Debug|Any CPU
		{1FD52138-F096-4F7C-BC20-6C932D387341}.Debug|Any CPU.Build.0 = Debug|Any CPU
		{1FD52138-F096-4F7C-BC20-6C932D387341}.Release|Any CPU.ActiveCfg = Release|Any CPU
		{1FD52138-F096-4F7C-BC20-6C932D387341}.Release|Any CPU.Build.0 = Release|Any CPU
		{3E7E4D09-4C81-4DA2-9F99-EBF89A37631F}.Debug|Any CPU.ActiveCfg = Debug|Any CPU
		{3E7E4D09-4C81-4DA2-9F99-EBF89A37631F}.Debug|Any CPU.Build.0 = Debug|Any CPU
		{3E7E4D09-4C81-4DA2-9F99-EBF89A37631F}.Release|Any CPU.ActiveCfg = Release|Any CPU
		{3E7E4D09-4C81-4DA2-9F99-EBF89A37631F}.Release|Any CPU.Build.0 = Release|Any CPU
		{20497FB3-CA26-4B5E-9AEB-2951A6BA61C0}.Debug|Any CPU.ActiveCfg = Debug|Any CPU
		{20497FB3-CA26-4B5E-9AEB-2951A6BA61C0}.Debug|Any CPU.Build.0 = Debug|Any CPU
		{20497FB3-CA26-4B5E-9AEB-2951A6BA61C0}.Release|Any CPU.ActiveCfg = Release|Any CPU
		{20497FB3-CA26-4B5E-9AEB-2951A6BA61C0}.Release|Any CPU.Build.0 = Release|Any CPU
		{6BDE397C-A305-4526-81B2-BCF2A817FEDC}.Debug|Any CPU.ActiveCfg = Debug|Any CPU
		{6BDE397C-A305-4526-81B2-BCF2A817FEDC}.Debug|Any CPU.Build.0 = Debug|Any CPU
		{6BDE397C-A305-4526-81B2-BCF2A817FEDC}.Release|Any CPU.ActiveCfg = Release|Any CPU
		{6BDE397C-A305-4526-81B2-BCF2A817FEDC}.Release|Any CPU.Build.0 = Release|Any CPU
		{16A222E4-A5E7-43A9-B436-5FEEF4D0BFA2}.Debug|Any CPU.ActiveCfg = Debug|Any CPU
		{16A222E4-A5E7-43A9-B436-5FEEF4D0BFA2}.Debug|Any CPU.Build.0 = Debug|Any CPU
		{16A222E4-A5E7-43A9-B436-5FEEF4D0BFA2}.Release|Any CPU.ActiveCfg = Release|Any CPU
		{16A222E4-A5E7-43A9-B436-5FEEF4D0BFA2}.Release|Any CPU.Build.0 = Release|Any CPU
		{0385A45D-6440-4F10-82CA-EB389804D04F}.Debug|Any CPU.ActiveCfg = Debug|Any CPU
		{0385A45D-6440-4F10-82CA-EB389804D04F}.Debug|Any CPU.Build.0 = Debug|Any CPU
		{0385A45D-6440-4F10-82CA-EB389804D04F}.Release|Any CPU.ActiveCfg = Release|Any CPU
		{0385A45D-6440-4F10-82CA-EB389804D04F}.Release|Any CPU.Build.0 = Release|Any CPU
		{B4DAB9E3-F44C-456E-ADAA-425EB5721648}.Debug|Any CPU.ActiveCfg = Debug|Any CPU
		{B4DAB9E3-F44C-456E-ADAA-425EB5721648}.Debug|Any CPU.Build.0 = Debug|Any CPU
		{B4DAB9E3-F44C-456E-ADAA-425EB5721648}.Release|Any CPU.ActiveCfg = Release|Any CPU
		{B4DAB9E3-F44C-456E-ADAA-425EB5721648}.Release|Any CPU.Build.0 = Release|Any CPU
		{CFEF364E-E28F-4638-B7B8-0860FFE193F5}.Debug|Any CPU.ActiveCfg = Debug|Any CPU
		{CFEF364E-E28F-4638-B7B8-0860FFE193F5}.Debug|Any CPU.Build.0 = Debug|Any CPU
		{CFEF364E-E28F-4638-B7B8-0860FFE193F5}.Release|Any CPU.ActiveCfg = Release|Any CPU
		{CFEF364E-E28F-4638-B7B8-0860FFE193F5}.Release|Any CPU.Build.0 = Release|Any CPU
		{FFE74905-900B-4CB5-AF0C-2C7F33C07CC6}.Debug|Any CPU.ActiveCfg = Debug|Any CPU
		{FFE74905-900B-4CB5-AF0C-2C7F33C07CC6}.Debug|Any CPU.Build.0 = Debug|Any CPU
		{FFE74905-900B-4CB5-AF0C-2C7F33C07CC6}.Release|Any CPU.ActiveCfg = Release|Any CPU
		{FFE74905-900B-4CB5-AF0C-2C7F33C07CC6}.Release|Any CPU.Build.0 = Release|Any CPU
		{F2B9F5A9-8DE1-4BAD-854A-251CB1605449}.Debug|Any CPU.ActiveCfg = Debug|Any CPU
		{F2B9F5A9-8DE1-4BAD-854A-251CB1605449}.Debug|Any CPU.Build.0 = Debug|Any CPU
		{F2B9F5A9-8DE1-4BAD-854A-251CB1605449}.Release|Any CPU.ActiveCfg = Release|Any CPU
		{F2B9F5A9-8DE1-4BAD-854A-251CB1605449}.Release|Any CPU.Build.0 = Release|Any CPU
		{34B65107-F7A7-4BB4-9C51-9A035C9BF0D5}.Debug|Any CPU.ActiveCfg = Debug|Any CPU
		{34B65107-F7A7-4BB4-9C51-9A035C9BF0D5}.Debug|Any CPU.Build.0 = Debug|Any CPU
		{34B65107-F7A7-4BB4-9C51-9A035C9BF0D5}.Release|Any CPU.ActiveCfg = Release|Any CPU
		{34B65107-F7A7-4BB4-9C51-9A035C9BF0D5}.Release|Any CPU.Build.0 = Release|Any CPU
		{C4BA1AEE-38F3-4B0D-A983-2F32C0CBA28D}.Debug|Any CPU.ActiveCfg = Debug|Any CPU
		{C4BA1AEE-38F3-4B0D-A983-2F32C0CBA28D}.Debug|Any CPU.Build.0 = Debug|Any CPU
		{C4BA1AEE-38F3-4B0D-A983-2F32C0CBA28D}.Release|Any CPU.ActiveCfg = Release|Any CPU
		{C4BA1AEE-38F3-4B0D-A983-2F32C0CBA28D}.Release|Any CPU.Build.0 = Release|Any CPU
		{7E26749D-09C6-4109-AD64-56129D7A4CD0}.Debug|Any CPU.ActiveCfg = Debug|Any CPU
		{7E26749D-09C6-4109-AD64-56129D7A4CD0}.Debug|Any CPU.Build.0 = Debug|Any CPU
		{7E26749D-09C6-4109-AD64-56129D7A4CD0}.Release|Any CPU.ActiveCfg = Release|Any CPU
		{7E26749D-09C6-4109-AD64-56129D7A4CD0}.Release|Any CPU.Build.0 = Release|Any CPU
		{1227EA0F-F6D9-4812-9050-BF6DC563188C}.Debug|Any CPU.ActiveCfg = Debug|Any CPU
		{1227EA0F-F6D9-4812-9050-BF6DC563188C}.Debug|Any CPU.Build.0 = Debug|Any CPU
		{1227EA0F-F6D9-4812-9050-BF6DC563188C}.Release|Any CPU.ActiveCfg = Release|Any CPU
		{1227EA0F-F6D9-4812-9050-BF6DC563188C}.Release|Any CPU.Build.0 = Release|Any CPU
		{8C150363-9864-4010-BC51-0645AA00047D}.Debug|Any CPU.ActiveCfg = Debug|Any CPU
		{8C150363-9864-4010-BC51-0645AA00047D}.Debug|Any CPU.Build.0 = Debug|Any CPU
		{8C150363-9864-4010-BC51-0645AA00047D}.Release|Any CPU.ActiveCfg = Release|Any CPU
		{8C150363-9864-4010-BC51-0645AA00047D}.Release|Any CPU.Build.0 = Release|Any CPU
		{94C5A058-723E-412F-9C38-5299E181A4FB}.Debug|Any CPU.ActiveCfg = Debug|Any CPU
		{94C5A058-723E-412F-9C38-5299E181A4FB}.Debug|Any CPU.Build.0 = Debug|Any CPU
		{94C5A058-723E-412F-9C38-5299E181A4FB}.Release|Any CPU.ActiveCfg = Release|Any CPU
		{94C5A058-723E-412F-9C38-5299E181A4FB}.Release|Any CPU.Build.0 = Release|Any CPU
		{A810CAD1-59D9-476B-84DB-75DBED542972}.Debug|Any CPU.ActiveCfg = Debug|Any CPU
		{A810CAD1-59D9-476B-84DB-75DBED542972}.Debug|Any CPU.Build.0 = Debug|Any CPU
		{A810CAD1-59D9-476B-84DB-75DBED542972}.Release|Any CPU.ActiveCfg = Release|Any CPU
		{A810CAD1-59D9-476B-84DB-75DBED542972}.Release|Any CPU.Build.0 = Release|Any CPU
		{FF5B731A-CB8A-4739-8B81-A0C3C468C938}.Debug|Any CPU.ActiveCfg = Debug|Any CPU
		{FF5B731A-CB8A-4739-8B81-A0C3C468C938}.Debug|Any CPU.Build.0 = Debug|Any CPU
		{FF5B731A-CB8A-4739-8B81-A0C3C468C938}.Release|Any CPU.ActiveCfg = Release|Any CPU
		{FF5B731A-CB8A-4739-8B81-A0C3C468C938}.Release|Any CPU.Build.0 = Release|Any CPU
		{82DE18F2-CC4E-41E4-B019-63703DD54F9B}.Debug|Any CPU.ActiveCfg = Debug|Any CPU
		{82DE18F2-CC4E-41E4-B019-63703DD54F9B}.Debug|Any CPU.Build.0 = Debug|Any CPU
		{82DE18F2-CC4E-41E4-B019-63703DD54F9B}.Release|Any CPU.ActiveCfg = Release|Any CPU
		{82DE18F2-CC4E-41E4-B019-63703DD54F9B}.Release|Any CPU.Build.0 = Release|Any CPU
		{F961192D-F036-4BF7-8C67-761E1FC7548C}.Debug|Any CPU.ActiveCfg = Debug|Any CPU
		{F961192D-F036-4BF7-8C67-761E1FC7548C}.Debug|Any CPU.Build.0 = Debug|Any CPU
		{F961192D-F036-4BF7-8C67-761E1FC7548C}.Release|Any CPU.ActiveCfg = Release|Any CPU
		{F961192D-F036-4BF7-8C67-761E1FC7548C}.Release|Any CPU.Build.0 = Release|Any CPU
		{47926500-9154-48F5-A7D3-E20CB9496979}.Debug|Any CPU.ActiveCfg = Debug|Any CPU
		{47926500-9154-48F5-A7D3-E20CB9496979}.Debug|Any CPU.Build.0 = Debug|Any CPU
		{47926500-9154-48F5-A7D3-E20CB9496979}.Release|Any CPU.ActiveCfg = Release|Any CPU
		{47926500-9154-48F5-A7D3-E20CB9496979}.Release|Any CPU.Build.0 = Release|Any CPU
		{55B9C0B1-DC82-49C9-BC07-84BA0708B090}.Debug|Any CPU.ActiveCfg = Debug|Any CPU
		{55B9C0B1-DC82-49C9-BC07-84BA0708B090}.Debug|Any CPU.Build.0 = Debug|Any CPU
		{55B9C0B1-DC82-49C9-BC07-84BA0708B090}.Release|Any CPU.ActiveCfg = Release|Any CPU
		{55B9C0B1-DC82-49C9-BC07-84BA0708B090}.Release|Any CPU.Build.0 = Release|Any CPU
		{22E49056-BD6E-4A8D-8734-82BA7693B394}.Debug|Any CPU.ActiveCfg = Debug|Any CPU
		{22E49056-BD6E-4A8D-8734-82BA7693B394}.Debug|Any CPU.Build.0 = Debug|Any CPU
		{22E49056-BD6E-4A8D-8734-82BA7693B394}.Release|Any CPU.ActiveCfg = Release|Any CPU
		{22E49056-BD6E-4A8D-8734-82BA7693B394}.Release|Any CPU.Build.0 = Release|Any CPU
		{4638F160-6B41-4D17-877C-A3855B08B1C9}.Debug|Any CPU.ActiveCfg = Debug|Any CPU
		{4638F160-6B41-4D17-877C-A3855B08B1C9}.Debug|Any CPU.Build.0 = Debug|Any CPU
		{4638F160-6B41-4D17-877C-A3855B08B1C9}.Release|Any CPU.ActiveCfg = Release|Any CPU
		{4638F160-6B41-4D17-877C-A3855B08B1C9}.Release|Any CPU.Build.0 = Release|Any CPU
	EndGlobalSection
	GlobalSection(SolutionProperties) = preSolution
		HideSolutionNode = FALSE
	EndGlobalSection
	GlobalSection(NestedProjects) = preSolution
		{3E7E4D09-4C81-4DA2-9F99-EBF89A37631F} = {7A22D9A7-165F-4580-808F-3F1536D90851}
		{6BDE397C-A305-4526-81B2-BCF2A817FEDC} = {7A22D9A7-165F-4580-808F-3F1536D90851}
		{B4DAB9E3-F44C-456E-ADAA-425EB5721648} = {7A22D9A7-165F-4580-808F-3F1536D90851}
		{F2B9F5A9-8DE1-4BAD-854A-251CB1605449} = {7A22D9A7-165F-4580-808F-3F1536D90851}
		{34B65107-F7A7-4BB4-9C51-9A035C9BF0D5} = {7A22D9A7-165F-4580-808F-3F1536D90851}
		{7E26749D-09C6-4109-AD64-56129D7A4CD0} = {7A22D9A7-165F-4580-808F-3F1536D90851}
		{8C150363-9864-4010-BC51-0645AA00047D} = {7A22D9A7-165F-4580-808F-3F1536D90851}
		{FF5B731A-CB8A-4739-8B81-A0C3C468C938} = {7A22D9A7-165F-4580-808F-3F1536D90851}
		{82DE18F2-CC4E-41E4-B019-63703DD54F9B} = {7A22D9A7-165F-4580-808F-3F1536D90851}
		{F961192D-F036-4BF7-8C67-761E1FC7548C} = {7A22D9A7-165F-4580-808F-3F1536D90851}
		{22E49056-BD6E-4A8D-8734-82BA7693B394} = {7A22D9A7-165F-4580-808F-3F1536D90851}
		{4638F160-6B41-4D17-877C-A3855B08B1C9} = {7A22D9A7-165F-4580-808F-3F1536D90851}
	EndGlobalSection
	GlobalSection(ExtensibilityGlobals) = postSolution
		SolutionGuid = {E6251906-A373-4F38-84F0-2AF81BDE4135}
	EndGlobalSection
EndGlobal
