
Microsoft Visual Studio Solution File, Format Version 12.00
# Visual Studio Version 17
VisualStudioVersion = 17.7.34031.279
MinimumVisualStudioVersion = 10.0.40219.1
Project("{9A19103F-16F7-4668-BE54-9A1E7A4F7556}") = "TeamSpecs.RideAlong.LoggingLibrary", "TeamSpecs.RideAlong.LoggingLibrary\TeamSpecs.RideAlong.LoggingLibrary.csproj", "{2C4CA2F3-38DB-4BF0-89FF-0C2F94B62A4E}"
	ProjectSection(ProjectDependencies) = postProject
		{FC5A4392-0352-46E0-8706-EFFE2734BAEC} = {FC5A4392-0352-46E0-8706-EFFE2734BAEC}
	EndProjectSection
EndProject
Project("{9A19103F-16F7-4668-BE54-9A1E7A4F7556}") = "TeamSpecs.RideAlong.DataAccess", "TeamSpecs.RideAlong.DataAccess\TeamSpecs.RideAlong.DataAccess.csproj", "{FC5A4392-0352-46E0-8706-EFFE2734BAEC}"
EndProject
Project("{9A19103F-16F7-4668-BE54-9A1E7A4F7556}") = "TeamSpecs.RideAlong.ConsoleApp", "TeamSpecs.RideAlong.ConsoleApp\TeamSpecs.RideAlong.ConsoleApp.csproj", "{D4867CBA-7DF2-487F-B35B-B537014EF583}"
	ProjectSection(ProjectDependencies) = postProject
		{2C4CA2F3-38DB-4BF0-89FF-0C2F94B62A4E} = {2C4CA2F3-38DB-4BF0-89FF-0C2F94B62A4E}
		{FC5A4392-0352-46E0-8706-EFFE2734BAEC} = {FC5A4392-0352-46E0-8706-EFFE2734BAEC}
	EndProjectSection
EndProject
Global
	GlobalSection(SolutionConfigurationPlatforms) = preSolution
		Debug|Any CPU = Debug|Any CPU
		Release|Any CPU = Release|Any CPU
	EndGlobalSection
	GlobalSection(ProjectConfigurationPlatforms) = postSolution
		{2C4CA2F3-38DB-4BF0-89FF-0C2F94B62A4E}.Debug|Any CPU.ActiveCfg = Debug|Any CPU
		{2C4CA2F3-38DB-4BF0-89FF-0C2F94B62A4E}.Debug|Any CPU.Build.0 = Debug|Any CPU
		{2C4CA2F3-38DB-4BF0-89FF-0C2F94B62A4E}.Release|Any CPU.ActiveCfg = Release|Any CPU
		{2C4CA2F3-38DB-4BF0-89FF-0C2F94B62A4E}.Release|Any CPU.Build.0 = Release|Any CPU
		{FC5A4392-0352-46E0-8706-EFFE2734BAEC}.Debug|Any CPU.ActiveCfg = Debug|Any CPU
		{FC5A4392-0352-46E0-8706-EFFE2734BAEC}.Debug|Any CPU.Build.0 = Debug|Any CPU
		{FC5A4392-0352-46E0-8706-EFFE2734BAEC}.Release|Any CPU.ActiveCfg = Release|Any CPU
		{FC5A4392-0352-46E0-8706-EFFE2734BAEC}.Release|Any CPU.Build.0 = Release|Any CPU
		{D4867CBA-7DF2-487F-B35B-B537014EF583}.Debug|Any CPU.ActiveCfg = Debug|Any CPU
		{D4867CBA-7DF2-487F-B35B-B537014EF583}.Debug|Any CPU.Build.0 = Debug|Any CPU
		{D4867CBA-7DF2-487F-B35B-B537014EF583}.Release|Any CPU.ActiveCfg = Release|Any CPU
		{D4867CBA-7DF2-487F-B35B-B537014EF583}.Release|Any CPU.Build.0 = Release|Any CPU
	EndGlobalSection
	GlobalSection(SolutionProperties) = preSolution
		HideSolutionNode = FALSE
	EndGlobalSection
	GlobalSection(ExtensibilityGlobals) = postSolution
		SolutionGuid = {2F9A0C27-982D-4022-A52C-D0A33676FC7C}
	EndGlobalSection
EndGlobal
